<Project xmlns="http://schemas.microsoft.com/developer/msbuild/2003">
    <PropertyGroup>
        <ProjectGuid>{B69C0771-17C2-4678-A251-9CB4EB98B407}</ProjectGuid>
        <MainSource>CustomDestination.dpr</MainSource>
        <Configuration Condition=" '$(Configuration)' == '' ">Debug</Configuration>
        <Platform Condition=" '$(Platform)' == '' ">AnyCPU</Platform>
        <DCC_DCCCompiler>DCC32</DCC_DCCCompiler>
        <DCC_EnabledPackages>true</DCC_EnabledPackages>
        <DCC_UsePackage>dbrtl;rtl;vcl;vcldb;vclx;QImport3RT</DCC_UsePackage>
    </PropertyGroup>
    <PropertyGroup Condition=" '$(Configuration)|$(Platform)' == 'Release|AnyCPU' ">
        <DCC_ExeOutput>Release</DCC_ExeOutput>
        <DCC_DcuOutput>Release</DCC_DcuOutput>
    </PropertyGroup>
    <PropertyGroup Condition=" '$(Configuration)|$(Platform)' == 'Debug|AnyCPU' ">
        <DCC_ExeOutput>Debug</DCC_ExeOutput>
        <DCC_DcuOutput>Debug</DCC_DcuOutput>
    </PropertyGroup>
    <ItemGroup>
        <DelphiCompile Include="CustomDestination.dpr">
            <MainSource>MainSource</MainSource>
        </DelphiCompile>
        <DCCReference Include="Unit1.pas">
            <Form>Form1</Form>
        </DCCReference>
    </ItemGroup>
    <ProjectExtensions>
        <Borland.Personality>Delphi.Personality</Borland.Personality>
        <Borland.ProjectType>VCLApplication</Borland.ProjectType>
        <BorlandProject>
            <BorlandProject>
                <Delphi.Personality>
                    <Source>
                        <Source Name="MainSource">CustomDestination.dpr</Source>
                    </Source>
                </Delphi.Personality>
            </BorlandProject>
        </BorlandProject>
    </ProjectExtensions>
    <Import Project="$(MSBuildBinPath)\Borland.Delphi.Targets" />
</Project>
